{
  "nodes": {
    "astartectl": {
      "inputs": {
        "flake-compat": "flake-compat",
        "flake-utils": [
          "flake-utils"
        ],
        "go-utils": "go-utils",
        "nixpkgs": [
          "nixpkgs"
        ]
      },
      "locked": {
        "lastModified": 1696428763,
        "narHash": "sha256-4NgDVuYEeJI5Arq+/+xdyUOBWdCLALM3EKVLSFimJlI=",
        "owner": "astarte-platform",
        "repo": "astartectl",
        "rev": "5dcfbdadd97cb9b6ece574c173fadbcc11d69341",
        "type": "github"
      },
      "original": {
        "owner": "astarte-platform",
        "ref": "release-23.5",
        "repo": "astartectl",
        "type": "github"
      }
    },
    "flake-compat": {
      "flake": false,
      "locked": {
        "lastModified": 1673956053,
        "narHash": "sha256-4gtG9iQuiKITOjNQQeQIpoIB6b16fm+504Ch3sNKLd8=",
        "owner": "edolstra",
        "repo": "flake-compat",
        "rev": "35bb57c0c8d8b62bbfd284272c928ceb64ddbde9",
        "type": "github"
      },
      "original": {
        "owner": "edolstra",
        "repo": "flake-compat",
        "type": "github"
      }
    },
    "flake-utils": {
      "inputs": {
        "systems": "systems"
      },
      "locked": {
        "lastModified": 1694529238,
        "narHash": "sha256-zsNZZGTGnMOf9YpHKJqMSsa0dXbfmxeoJ7xHlrt+xmY=",
        "owner": "numtide",
        "repo": "flake-utils",
        "rev": "ff7b65b44d01cf9ba6a71320833626af21126384",
        "type": "github"
      },
      "original": {
        "owner": "numtide",
        "repo": "flake-utils",
        "type": "github"
      }
    },
    "go-utils": {
      "inputs": {
        "nixpkgs": [
          "astartectl",
          "nixpkgs"
        ]
      },
      "locked": {
        "lastModified": 1690384468,
        "narHash": "sha256-52TpCs2La0HFnigiBW/CdxzlOFWra34e+xz0iQrgpbU=",
        "owner": "noaccOS",
        "repo": "go-utils",
        "rev": "18532d9340d4e7841eba4ed3b50ca12516ab679b",
        "type": "github"
      },
      "original": {
        "owner": "noaccOS",
        "repo": "go-utils",
        "type": "github"
      }
    },
    "nixpkgs": {
      "locked": {
        "lastModified": 1698890957,
        "narHash": "sha256-DJ+SppjpPBoJr0Aro9TAcP3sxApCSieY6BYBCoWGUX8=",
        "owner": "NixOS",
        "repo": "nixpkgs",
        "rev": "c082856b850ec60cda9f0a0db2bc7bd8900d708c",
        "type": "github"
      },
      "original": {
        "id": "nixpkgs",
        "ref": "nixpkgs-unstable",
        "type": "indirect"
      }
    },
    "root": {
      "inputs": {
        "astartectl": "astartectl",
        "flake-utils": "flake-utils",
        "nixpkgs": "nixpkgs"
      }
    },
    "systems": {
      "locked": {
        "lastModified": 1681028828,
        "narHash": "sha256-Vy1rq5AaRuLzOxct8nz4T6wlgyUR7zLU309k9mBC768=",
        "owner": "nix-systems",
        "repo": "default",
        "rev": "da67096a3b9bf56a91d16901293e51ba5b49a27e",
        "type": "github"
      },
      "original": {
        "owner": "nix-systems",
        "repo": "default",
        "type": "github"
      }
    }
  },
  "root": "root",
  "version": 7
}
